// !$*UTF8*$!
{
	archiveVersion = 1;
	classes = {
	};
	objectVersion = 50;
	objects = {

/* Begin PBXBuildFile section */
		3B5CF27024648642003F5655 /* ViewControllerRegistro.swift in Sources */ = {isa = PBXBuildFile; fileRef = 3B5CF26F24648642003F5655 /* ViewControllerRegistro.swift */; };
		3B5CF27224648674003F5655 /* ViewControllerMapa.swift in Sources */ = {isa = PBXBuildFile; fileRef = 3B5CF27124648674003F5655 /* ViewControllerMapa.swift */; };
		3B5CF2742464868F003F5655 /* ViewControllerExperiencia.swift in Sources */ = {isa = PBXBuildFile; fileRef = 3B5CF2732464868F003F5655 /* ViewControllerExperiencia.swift */; };
		3B5CF276246486AE003F5655 /* TableViewControllerExp.swift in Sources */ = {isa = PBXBuildFile; fileRef = 3B5CF275246486AE003F5655 /* TableViewControllerExp.swift */; };
		3B5CF278246486C5003F5655 /* TableViewCellExp.swift in Sources */ = {isa = PBXBuildFile; fileRef = 3B5CF277246486C5003F5655 /* TableViewCellExp.swift */; };
		3B7E9D8A2464A64F009B234F /* Podfile in Sources */ = {isa = PBXBuildFile; fileRef = 3B7E9D892464A64F009B234F /* Podfile */; };
		9F9C868A24528677005C9903 /* AppDelegate.swift in Sources */ = {isa = PBXBuildFile; fileRef = 9F9C868924528677005C9903 /* AppDelegate.swift */; };
		9F9C868C24528677005C9903 /* ViewController.swift in Sources */ = {isa = PBXBuildFile; fileRef = 9F9C868B24528677005C9903 /* ViewController.swift */; };
		9F9C868F24528677005C9903 /* Main.storyboard in Resources */ = {isa = PBXBuildFile; fileRef = 9F9C868D24528677005C9903 /* Main.storyboard */; };
		9F9C86912452867C005C9903 /* Assets.xcassets in Resources */ = {isa = PBXBuildFile; fileRef = 9F9C86902452867C005C9903 /* Assets.xcassets */; };
		9F9C86942452867C005C9903 /* LaunchScreen.storyboard in Resources */ = {isa = PBXBuildFile; fileRef = 9F9C86922452867C005C9903 /* LaunchScreen.storyboard */; };
		A29016196E1A725E514B115E /* libPods-SwiftProject.a in Frameworks */ = {isa = PBXBuildFile; fileRef = 7E8641191D542D12C4280ACE /* libPods-SwiftProject.a */; };
/* End PBXBuildFile section */

/* Begin PBXFileReference section */
		3B5CF26F24648642003F5655 /* ViewControllerRegistro.swift */ = {isa = PBXFileReference; lastKnownFileType = sourcecode.swift; path = ViewControllerRegistro.swift; sourceTree = "<group>"; };
		3B5CF27124648674003F5655 /* ViewControllerMapa.swift */ = {isa = PBXFileReference; lastKnownFileType = sourcecode.swift; path = ViewControllerMapa.swift; sourceTree = "<group>"; };
		3B5CF2732464868F003F5655 /* ViewControllerExperiencia.swift */ = {isa = PBXFileReference; lastKnownFileType = sourcecode.swift; path = ViewControllerExperiencia.swift; sourceTree = "<group>"; };
		3B5CF275246486AE003F5655 /* TableViewControllerExp.swift */ = {isa = PBXFileReference; lastKnownFileType = sourcecode.swift; path = TableViewControllerExp.swift; sourceTree = "<group>"; };
		3B5CF277246486C5003F5655 /* TableViewCellExp.swift */ = {isa = PBXFileReference; lastKnownFileType = sourcecode.swift; path = TableViewCellExp.swift; sourceTree = "<group>"; };
		3B7E9D892464A64F009B234F /* Podfile */ = {isa = PBXFileReference; lastKnownFileType = text; path = Podfile; sourceTree = "<group>"; };
		7E8641191D542D12C4280ACE /* libPods-SwiftProject.a */ = {isa = PBXFileReference; explicitFileType = archive.ar; includeInIndex = 0; path = "libPods-SwiftProject.a"; sourceTree = BUILT_PRODUCTS_DIR; };
		9F9C868624528677005C9903 /* SwiftProject.app */ = {isa = PBXFileReference; explicitFileType = wrapper.application; includeInIndex = 0; path = SwiftProject.app; sourceTree = BUILT_PRODUCTS_DIR; };
		9F9C868924528677005C9903 /* AppDelegate.swift */ = {isa = PBXFileReference; lastKnownFileType = sourcecode.swift; path = AppDelegate.swift; sourceTree = "<group>"; };
		9F9C868B24528677005C9903 /* ViewController.swift */ = {isa = PBXFileReference; lastKnownFileType = sourcecode.swift; path = ViewController.swift; sourceTree = "<group>"; };
		9F9C868E24528677005C9903 /* Base */ = {isa = PBXFileReference; lastKnownFileType = file.storyboard; name = Base; path = Base.lproj/Main.storyboard; sourceTree = "<group>"; };
		9F9C86902452867C005C9903 /* Assets.xcassets */ = {isa = PBXFileReference; lastKnownFileType = folder.assetcatalog; path = Assets.xcassets; sourceTree = "<group>"; };
		9F9C86932452867C005C9903 /* Base */ = {isa = PBXFileReference; lastKnownFileType = file.storyboard; name = Base; path = Base.lproj/LaunchScreen.storyboard; sourceTree = "<group>"; };
		9F9C86952452867C005C9903 /* Info.plist */ = {isa = PBXFileReference; lastKnownFileType = text.plist.xml; path = Info.plist; sourceTree = "<group>"; };
		A4D0557E85816A55B7F88AD4 /* Pods-SwiftProject.debug.xcconfig */ = {isa = PBXFileReference; includeInIndex = 1; lastKnownFileType = text.xcconfig; name = "Pods-SwiftProject.debug.xcconfig"; path = "Target Support Files/Pods-SwiftProject/Pods-SwiftProject.debug.xcconfig"; sourceTree = "<group>"; };
		EAE0981CCAFA3A53FDD78384 /* Pods-SwiftProject.release.xcconfig */ = {isa = PBXFileReference; includeInIndex = 1; lastKnownFileType = text.xcconfig; name = "Pods-SwiftProject.release.xcconfig"; path = "Target Support Files/Pods-SwiftProject/Pods-SwiftProject.release.xcconfig"; sourceTree = "<group>"; };
/* End PBXFileReference section */

/* Begin PBXFrameworksBuildPhase section */
		9F9C868324528677005C9903 /* Frameworks */ = {
			isa = PBXFrameworksBuildPhase;
			buildActionMask = 2147483647;
			files = (
				A29016196E1A725E514B115E /* libPods-SwiftProject.a in Frameworks */,
			);
			runOnlyForDeploymentPostprocessing = 0;
		};
/* End PBXFrameworksBuildPhase section */

/* Begin PBXGroup section */
		9F9C867D24528677005C9903 = {
			isa = PBXGroup;
			children = (
				3B7E9D892464A64F009B234F /* Podfile */,
				9F9C868824528677005C9903 /* SwiftProject */,
				9F9C868724528677005C9903 /* Products */,
				A5FDD62878F6F6F527A061C0 /* Pods */,
				EE72E8EB3E84BE5CC8E3EEB5 /* Frameworks */,
			);
			sourceTree = "<group>";
		};
		9F9C868724528677005C9903 /* Products */ = {
			isa = PBXGroup;
			children = (
				9F9C868624528677005C9903 /* SwiftProject.app */,
			);
			name = Products;
			sourceTree = "<group>";
		};
		9F9C868824528677005C9903 /* SwiftProject */ = {
			isa = PBXGroup;
			children = (
				9F9C868924528677005C9903 /* AppDelegate.swift */,
				9F9C868B24528677005C9903 /* ViewController.swift */,
				9F9C868D24528677005C9903 /* Main.storyboard */,
				9F9C86902452867C005C9903 /* Assets.xcassets */,
				9F9C86922452867C005C9903 /* LaunchScreen.storyboard */,
				9F9C86952452867C005C9903 /* Info.plist */,
				3B5CF26F24648642003F5655 /* ViewControllerRegistro.swift */,
				3B5CF27124648674003F5655 /* ViewControllerMapa.swift */,
				3B5CF2732464868F003F5655 /* ViewControllerExperiencia.swift */,
				3B5CF275246486AE003F5655 /* TableViewControllerExp.swift */,
				3B5CF277246486C5003F5655 /* TableViewCellExp.swift */,
			);
			path = SwiftProject;
			sourceTree = "<group>";
		};
		A5FDD62878F6F6F527A061C0 /* Pods */ = {
			isa = PBXGroup;
			children = (
				A4D0557E85816A55B7F88AD4 /* Pods-SwiftProject.debug.xcconfig */,
				EAE0981CCAFA3A53FDD78384 /* Pods-SwiftProject.release.xcconfig */,
			);
			name = Pods;
			path = Pods;
			sourceTree = "<group>";
		};
		EE72E8EB3E84BE5CC8E3EEB5 /* Frameworks */ = {
			isa = PBXGroup;
			children = (
				7E8641191D542D12C4280ACE /* libPods-SwiftProject.a */,
			);
			name = Frameworks;
			sourceTree = "<group>";
		};
/* End PBXGroup section */

/* Begin PBXNativeTarget section */
		9F9C868524528677005C9903 /* SwiftProject */ = {
			isa = PBXNativeTarget;
			buildConfigurationList = 9F9C86982452867C005C9903 /* Build configuration list for PBXNativeTarget "SwiftProject" */;
			buildPhases = (
				0EC8EB17192D157856794A61 /* [CP] Check Pods Manifest.lock */,
				9F9C868224528677005C9903 /* Sources */,
				9F9C868324528677005C9903 /* Frameworks */,
				9F9C868424528677005C9903 /* Resources */,
				26EB27E28B6DA361BE8B320F /* [CP] Copy Pods Resources */,
			);
			buildRules = (
			);
			dependencies = (
			);
			name = SwiftProject;
			productName = SwiftProject;
			productReference = 9F9C868624528677005C9903 /* SwiftProject.app */;
			productType = "com.apple.product-type.application";
		};
/* End PBXNativeTarget section */

/* Begin PBXProject section */
		9F9C867E24528677005C9903 /* Project object */ = {
			isa = PBXProject;
			attributes = {
				LastSwiftUpdateCheck = 1010;
				LastUpgradeCheck = 1010;
				ORGANIZATIONNAME = "Miguel Angel Jimenez Melendez";
				TargetAttributes = {
					9F9C868524528677005C9903 = {
						CreatedOnToolsVersion = 10.1;
					};
				};
			};
			buildConfigurationList = 9F9C868124528677005C9903 /* Build configuration list for PBXProject "SwiftProject" */;
			compatibilityVersion = "Xcode 9.3";
			developmentRegion = en;
			hasScannedForEncodings = 0;
			knownRegions = (
				en,
				Base,
			);
			mainGroup = 9F9C867D24528677005C9903;
			productRefGroup = 9F9C868724528677005C9903 /* Products */;
			projectDirPath = "";
			projectRoot = "";
			targets = (
				9F9C868524528677005C9903 /* SwiftProject */,
			);
		};
/* End PBXProject section */

/* Begin PBXResourcesBuildPhase section */
		9F9C868424528677005C9903 /* Resources */ = {
			isa = PBXResourcesBuildPhase;
			buildActionMask = 2147483647;
			files = (
				9F9C86942452867C005C9903 /* LaunchScreen.storyboard in Resources */,
				9F9C86912452867C005C9903 /* Assets.xcassets in Resources */,
				9F9C868F24528677005C9903 /* Main.storyboard in Resources */,
			);
			runOnlyForDeploymentPostprocessing = 0;
		};
/* End PBXResourcesBuildPhase section */

/* Begin PBXShellScriptBuildPhase section */
		0EC8EB17192D157856794A61 /* [CP] Check Pods Manifest.lock */ = {
			isa = PBXShellScriptBuildPhase;
			buildActionMask = 2147483647;
			files = (
			);
			inputFileListPaths = (
			);
			inputPaths = (
				"${PODS_PODFILE_DIR_PATH}/Podfile.lock",
				"${PODS_ROOT}/Manifest.lock",
			);
			name = "[CP] Check Pods Manifest.lock";
			outputFileListPaths = (
			);
			outputPaths = (
				"$(DERIVED_FILE_DIR)/Pods-SwiftProject-checkManifestLockResult.txt",
			);
			runOnlyForDeploymentPostprocessing = 0;
			shellPath = /bin/sh;
			shellScript = "diff \"${PODS_PODFILE_DIR_PATH}/Podfile.lock\" \"${PODS_ROOT}/Manifest.lock\" > /dev/null\nif [ $? != 0 ] ; then\n    # print error to STDERR\n    echo \"error: The sandbox is not in sync with the Podfile.lock. Run 'pod install' or update your CocoaPods installation.\" >&2\n    exit 1\nfi\n# This output is used by Xcode 'outputs' to avoid re-running this script phase.\necho \"SUCCESS\" > \"${SCRIPT_OUTPUT_FILE_0}\"\n";
			showEnvVarsInLog = 0;
		};
		26EB27E28B6DA361BE8B320F /* [CP] Copy Pods Resources */ = {
			isa = PBXShellScriptBuildPhase;
			buildActionMask = 2147483647;
			files = (
			);
			inputFileListPaths = (
				"${PODS_ROOT}/Target Support Files/Pods-SwiftProject/Pods-SwiftProject-resources-${CONFIGURATION}-input-files.xcfilelist",
			);
			name = "[CP] Copy Pods Resources";
			outputFileListPaths = (
				"${PODS_ROOT}/Target Support Files/Pods-SwiftProject/Pods-SwiftProject-resources-${CONFIGURATION}-output-files.xcfilelist",
			);
			runOnlyForDeploymentPostprocessing = 0;
			shellPath = /bin/sh;
			shellScript = "\"${PODS_ROOT}/Target Support Files/Pods-SwiftProject/Pods-SwiftProject-resources.sh\"\n";
			showEnvVarsInLog = 0;
		};
/* End PBXShellScriptBuildPhase section */

/* Begin PBXSourcesBuildPhase section */
		9F9C868224528677005C9903 /* Sources */ = {
			isa = PBXSourcesBuildPhase;
			buildActionMask = 2147483647;
			files = (
				9F9C868C24528677005C9903 /* ViewController.swift in Sources */,
				3B5CF276246486AE003F5655 /* TableViewControllerExp.swift in Sources */,
				3B5CF2742464868F003F5655 /* ViewControllerExperiencia.swift in Sources */,
				3B7E9D8A2464A64F009B234F /* Podfile in Sources */,
				3B5CF27224648674003F5655 /* ViewControllerMapa.swift in Sources */,
				3B5CF27024648642003F5655 /* ViewControllerRegistro.swift in Sources */,
				9F9C868A24528677005C9903 /* AppDelegate.swift in Sources */,
				3B5CF278246486C5003F5655 /* TableViewCellExp.swift in Sources */,
			);
			runOnlyForDeploymentPostprocessing = 0;
		};
/* End PBXSourcesBuildPhase section */

/* Begin PBXVariantGroup section */
		9F9C868D24528677005C9903 /* Main.storyboard */ = {
			isa = PBXVariantGroup;
			children = (
				9F9C868E24528677005C9903 /* Base */,
			);
			name = Main.storyboard;
			sourceTree = "<group>";
		};
		9F9C86922452867C005C9903 /* LaunchScreen.storyboard */ = {
			isa = PBXVariantGroup;
			children = (
				9F9C86932452867C005C9903 /* Base */,
			);
			name = LaunchScreen.storyboard;
			sourceTree = "<group>";
		};
/* End PBXVariantGroup section */

/* Begin XCBuildConfiguration section */
		9F9C86962452867C005C9903 /* Debug */ = {
			isa = XCBuildConfiguration;
			buildSettings = {
				ALWAYS_SEARCH_USER_PATHS = NO;
				CLANG_ANALYZER_NONNULL = YES;
				CLANG_ANALYZER_NUMBER_OBJECT_CONVERSION = YES_AGGRESSIVE;
				CLANG_CXX_LANGUAGE_STANDARD = "gnu++14";
				CLANG_CXX_LIBRARY = "libc++";
				CLANG_ENABLE_MODULES = YES;
				CLANG_ENABLE_OBJC_ARC = YES;
				CLANG_ENABLE_OBJC_WEAK = YES;
				CLANG_WARN_BLOCK_CAPTURE_AUTORELEASING = YES;
				CLANG_WARN_BOOL_CONVERSION = YES;
				CLANG_WARN_COMMA = YES;
				CLANG_WARN_CONSTANT_CONVERSION = YES;
				CLANG_WARN_DEPRECATED_OBJC_IMPLEMENTATIONS = YES;
				CLANG_WARN_DIRECT_OBJC_ISA_USAGE = YES_ERROR;
				CLANG_WARN_DOCUMENTATION_COMMENTS = YES;
				CLANG_WARN_EMPTY_BODY = YES;
				CLANG_WARN_ENUM_CONVERSION = YES;
				CLANG_WARN_INFINITE_RECURSION = YES;
				CLANG_WARN_INT_CONVERSION = YES;
				CLANG_WARN_NON_LITERAL_NULL_CONVERSION = YES;
				CLANG_WARN_OBJC_IMPLICIT_RETAIN_SELF = YES;
				CLANG_WARN_OBJC_LITERAL_CONVERSION = YES;
				CLANG_WARN_OBJC_ROOT_CLASS = YES_ERROR;
				CLANG_WARN_RANGE_LOOP_ANALYSIS = YES;
				CLANG_WARN_STRICT_PROTOTYPES = YES;
				CLANG_WARN_SUSPICIOUS_MOVE = YES;
				CLANG_WARN_UNGUARDED_AVAILABILITY = YES_AGGRESSIVE;
				CLANG_WARN_UNREACHABLE_CODE = YES;
				CLANG_WARN__DUPLICATE_METHOD_MATCH = YES;
				CODE_SIGN_IDENTITY = "iPhone Developer";
				COPY_PHASE_STRIP = NO;
				DEBUG_INFORMATION_FORMAT = dwarf;
				ENABLE_STRICT_OBJC_MSGSEND = YES;
				ENABLE_TESTABILITY = YES;
				GCC_C_LANGUAGE_STANDARD = gnu11;
				GCC_DYNAMIC_NO_PIC = NO;
				GCC_NO_COMMON_BLOCKS = YES;
				GCC_OPTIMIZATION_LEVEL = 0;
				GCC_PREPROCESSOR_DEFINITIONS = (
					"DEBUG=1",
					"$(inherited)",
				);
				GCC_WARN_64_TO_32_BIT_CONVERSION = YES;
				GCC_WARN_ABOUT_RETURN_TYPE = YES_ERROR;
				GCC_WARN_UNDECLARED_SELECTOR = YES;
				GCC_WARN_UNINITIALIZED_AUTOS = YES_AGGRESSIVE;
				GCC_WARN_UNUSED_FUNCTION = YES;
				GCC_WARN_UNUSED_VARIABLE = YES;
				IPHONEOS_DEPLOYMENT_TARGET = 12.1;
				MTL_ENABLE_DEBUG_INFO = INCLUDE_SOURCE;
				MTL_FAST_MATH = YES;
				ONLY_ACTIVE_ARCH = YES;
				SDKROOT = iphoneos;
				SWIFT_ACTIVE_COMPILATION_CONDITIONS = DEBUG;
				SWIFT_OPTIMIZATION_LEVEL = "-Onone";
			};
			name = Debug;
		};
		9F9C86972452867C005C9903 /* Release */ = {
			isa = XCBuildConfiguration;
			buildSettings = {
				ALWAYS_SEARCH_USER_PATHS = NO;
				CLANG_ANALYZER_NONNULL = YES;
				CLANG_ANALYZER_NUMBER_OBJECT_CONVERSION = YES_AGGRESSIVE;
				CLANG_CXX_LANGUAGE_STANDARD = "gnu++14";
				CLANG_CXX_LIBRARY = "libc++";
				CLANG_ENABLE_MODULES = YES;
				CLANG_ENABLE_OBJC_ARC = YES;
				CLANG_ENABLE_OBJC_WEAK = YES;
				CLANG_WARN_BLOCK_CAPTURE_AUTORELEASING = YES;
				CLANG_WARN_BOOL_CONVERSION = YES;
				CLANG_WARN_COMMA = YES;
				CLANG_WARN_CONSTANT_CONVERSION = YES;
				CLANG_WARN_DEPRECATED_OBJC_IMPLEMENTATIONS = YES;
				CLANG_WARN_DIRECT_OBJC_ISA_USAGE = YES_ERROR;
				CLANG_WARN_DOCUMENTATION_COMMENTS = YES;
				CLANG_WARN_EMPTY_BODY = YES;
				CLANG_WARN_ENUM_CONVERSION = YES;
				CLANG_WARN_INFINITE_RECURSION = YES;
				CLANG_WARN_INT_CONVERSION = YES;
				CLANG_WARN_NON_LITERAL_NULL_CONVERSION = YES;
				CLANG_WARN_OBJC_IMPLICIT_RETAIN_SELF = YES;
				CLANG_WARN_OBJC_LITERAL_CONVERSION = YES;
				CLANG_WARN_OBJC_ROOT_CLASS = YES_ERROR;
				CLANG_WARN_RANGE_LOOP_ANALYSIS = YES;
				CLANG_WARN_STRICT_PROTOTYPES = YES;
				CLANG_WARN_SUSPICIOUS_MOVE = YES;
				CLANG_WARN_UNGUARDED_AVAILABILITY = YES_AGGRESSIVE;
				CLANG_WARN_UNREACHABLE_CODE = YES;
				CLANG_WARN__DUPLICATE_METHOD_MATCH = YES;
				CODE_SIGN_IDENTITY = "iPhone Developer";
				COPY_PHASE_STRIP = NO;
				DEBUG_INFORMATION_FORMAT = "dwarf-with-dsym";
				ENABLE_NS_ASSERTIONS = NO;
				ENABLE_STRICT_OBJC_MSGSEND = YES;
				GCC_C_LANGUAGE_STANDARD = gnu11;
				GCC_NO_COMMON_BLOCKS = YES;
				GCC_WARN_64_TO_32_BIT_CONVERSION = YES;
				GCC_WARN_ABOUT_RETURN_TYPE = YES_ERROR;
				GCC_WARN_UNDECLARED_SELECTOR = YES;
				GCC_WARN_UNINITIALIZED_AUTOS = YES_AGGRESSIVE;
				GCC_WARN_UNUSED_FUNCTION = YES;
				GCC_WARN_UNUSED_VARIABLE = YES;
				IPHONEOS_DEPLOYMENT_TARGET = 12.1;
				MTL_ENABLE_DEBUG_INFO = NO;
				MTL_FAST_MATH = YES;
				SDKROOT = iphoneos;
				SWIFT_COMPILATION_MODE = wholemodule;
				SWIFT_OPTIMIZATION_LEVEL = "-O";
				VALIDATE_PRODUCT = YES;
			};
			name = Release;
		};
		9F9C86992452867C005C9903 /* Debug */ = {
			isa = XCBuildConfiguration;
			baseConfigurationReference = A4D0557E85816A55B7F88AD4 /* Pods-SwiftProject.debug.xcconfig */;
			buildSettings = {
				ASSETCATALOG_COMPILER_APPICON_NAME = AppIcon;
				CODE_SIGN_STYLE = Automatic;
				INFOPLIST_FILE = SwiftProject/Info.plist;
				LD_RUNPATH_SEARCH_PATHS = (
					"$(inherited)",
					"@executable_path/Frameworks",
				);
				PRODUCT_BUNDLE_IDENTIFIER = migueajm9724.SwiftProject;
				PRODUCT_NAME = "$(TARGET_NAME)";
				SWIFT_VERSION = 4.2;
				TARGETED_DEVICE_FAMILY = "1,2";
			};
			name = Debug;
		};
		9F9C869A2452867C005C9903 /* Release */ = {
			isa = XCBuildConfiguration;
			baseConfigurationReference = EAE0981CCAFA3A53FDD78384 /* Pods-SwiftProject.release.xcconfig */;
			buildSettings = {
				ASSETCATALOG_COMPILER_APPICON_NAME = AppIcon;
				CODE_SIGN_STYLE = Automatic;
				INFOPLIST_FILE = SwiftProject/Info.plist;
				LD_RUNPATH_SEARCH_PATHS = (
					"$(inherited)",
					"@executable_path/Frameworks",
				);
				PRODUCT_BUNDLE_IDENTIFIER = migueajm9724.SwiftProject;
				PRODUCT_NAME = "$(TARGET_NAME)";
				SWIFT_VERSION = 4.2;
				TARGETED_DEVICE_FAMILY = "1,2";
			};
			name = Release;
		};
/* End XCBuildConfiguration section */

/* Begin XCConfigurationList section */
		9F9C868124528677005C9903 /* Build configuration list for PBXProject "SwiftProject" */ = {
			isa = XCConfigurationList;
			buildConfigurations = (
				9F9C86962452867C005C9903 /* Debug */,
				9F9C86972452867C005C9903 /* Release */,
			);
			defaultConfigurationIsVisible = 0;
			defaultConfigurationName = Release;
		};
		9F9C86982452867C005C9903 /* Build configuration list for PBXNativeTarget "SwiftProject" */ = {
			isa = XCConfigurationList;
			buildConfigurations = (
				9F9C86992452867C005C9903 /* Debug */,
				9F9C869A2452867C005C9903 /* Release */,
			);
			defaultConfigurationIsVisible = 0;
			defaultConfigurationName = Release;
		};
/* End XCConfigurationList section */
	};
	rootObject = 9F9C867E24528677005C9903 /* Project object */;
}
